
Microsoft Visual Studio Solution File, Format Version 12.00
# Visual Studio Version 16
VisualStudioVersion = 16.0.29418.71
MinimumVisualStudioVersion = 10.0.40219.1
Project("{F2A71F9B-5D33-465A-A702-920D77279786}") = "FSharpPractice", "FSharpPractice\FSharpPractice.fsproj", "{45740C68-BF67-49A0-97A9-AB4B5B5D133E}"
EndProject
Project("{F2A71F9B-5D33-465A-A702-920D77279786}") = "FSharpPracticeWS3", "FSharpPracticeWS3\FSharpPracticeWS3.fsproj", "{088B42FF-1178-43F0-951D-BC846CF6AC3A}"
EndProject
Project("{F2A71F9B-5D33-465A-A702-920D77279786}") = "WS5", "WS5\WS5.fsproj", "{467A8937-5A04-4FB8-BA6C-258AD498CF8E}"
EndProject
Project("{F2A71F9B-5D33-465A-A702-920D77279786}") = "MatrixMultiplier", "MatrixMultiplier\MatrixMultiplier.fsproj", "{08B15F3F-DD1C-4102-AFD0-13202027E980}"
EndProject
Project("{F2A71F9B-5D33-465A-A702-920D77279786}") = "WordProcessor", "WordProcessor\WordProcessor.fsproj", "{FCB26CC6-ADE1-4C83-A662-1ACCE39813DC}"
EndProject
Project("{8BC9CEB8-8B4A-11D0-8D11-00A0C91BC942}") = "WordProcessorCPP", "WordProcessorCPP\WordProcessorCPP.vcxproj", "{7082C6E4-A644-4510-A9BC-E78E567FD752}"
EndProject
Project("{8BC9CEB8-8B4A-11D0-8D11-00A0C91BC942}") = "Lab assessment 2", "Lab assessment 2\Lab assessment 2.vcxproj", "{8C5BC2E7-BA2F-4A68-A6BE-D67A5A6C6A97}"
EndProject
Project("{F2A71F9B-5D33-465A-A702-920D77279786}") = "Continuation", "Continuation\Continuation.fsproj", "{392F8DAF-9EEA-468B-B8C8-5F6EAE84D72F}"
EndProject
Project("{F2A71F9B-5D33-465A-A702-920D77279786}") = "Calculator", "Calculator\Calculator.fsproj", "{CE136AA1-0C7A-4278-98DD-D733A1648F0F}"
EndProject
Project("{F2A71F9B-5D33-465A-A702-920D77279786}") = "Leap", "Leap\Leap.fsproj", "{F401BB10-B6FD-4DD8-A46D-83A4D64C2EC9}"
EndProject
Project("{F2A71F9B-5D33-465A-A702-920D77279786}") = "WebPageDownload", "WebPageDownload\WebPageDownload.fsproj", "{CE49E35B-9EC3-4D44-BCF7-18D8FCF97536}"
EndProject
Project("{F2A71F9B-5D33-465A-A702-920D77279786}") = "PerfectNumber", "PerfectNumber\PerfectNumber.fsproj", "{7E5596ED-5C58-46FF-ADD9-A5EBED45203D}"
EndProject
Project("{F2A71F9B-5D33-465A-A702-920D77279786}") = "NewLeap", "NewLeap\NewLeap.fsproj", "{00AABD4C-DB6F-4EAF-A9EA-B7608EAB1BF5}"
EndProject
Project("{F2A71F9B-5D33-465A-A702-920D77279786}") = "Bob", "Bob\Bob.fsproj", "{71D46429-0556-460B-A317-A83EED68DCE2}"
EndProject
Project("{F2A71F9B-5D33-465A-A702-920D77279786}") = "UserInfo", "UserInfo\UserInfo.fsproj", "{14B0F819-1744-43FA-BBA8-16FAA0E1E280}"
EndProject
Project("{F2A71F9B-5D33-465A-A702-920D77279786}") = "Exercism", "Exercism\Exercism.fsproj", "{90B348EA-B897-455A-95A4-BA6320FFACE8}"
EndProject
Project("{888888A0-9F3D-457C-B088-3A5042F75D52}") = "PythonTestApplication", "PythonTestApplication\PythonTestApplication.pyproj", "{CAB67FE5-11C3-49D0-BCE2-A85857028284}"
EndProject
Global
	GlobalSection(SolutionConfigurationPlatforms) = preSolution
		Debug|Any CPU = Debug|Any CPU
		Debug|x64 = Debug|x64
		Debug|x86 = Debug|x86
		Release|Any CPU = Release|Any CPU
		Release|x64 = Release|x64
		Release|x86 = Release|x86
	EndGlobalSection
	GlobalSection(ProjectConfigurationPlatforms) = postSolution
		{45740C68-BF67-49A0-97A9-AB4B5B5D133E}.Debug|Any CPU.ActiveCfg = Debug|Any CPU
		{45740C68-BF67-49A0-97A9-AB4B5B5D133E}.Debug|Any CPU.Build.0 = Debug|Any CPU
		{45740C68-BF67-49A0-97A9-AB4B5B5D133E}.Debug|x64.ActiveCfg = Debug|Any CPU
		{45740C68-BF67-49A0-97A9-AB4B5B5D133E}.Debug|x64.Build.0 = Debug|Any CPU
		{45740C68-BF67-49A0-97A9-AB4B5B5D133E}.Debug|x86.ActiveCfg = Debug|Any CPU
		{45740C68-BF67-49A0-97A9-AB4B5B5D133E}.Debug|x86.Build.0 = Debug|Any CPU
		{45740C68-BF67-49A0-97A9-AB4B5B5D133E}.Release|Any CPU.ActiveCfg = Release|Any CPU
		{45740C68-BF67-49A0-97A9-AB4B5B5D133E}.Release|Any CPU.Build.0 = Release|Any CPU
		{45740C68-BF67-49A0-97A9-AB4B5B5D133E}.Release|x64.ActiveCfg = Release|Any CPU
		{45740C68-BF67-49A0-97A9-AB4B5B5D133E}.Release|x64.Build.0 = Release|Any CPU
		{45740C68-BF67-49A0-97A9-AB4B5B5D133E}.Release|x86.ActiveCfg = Release|Any CPU
		{45740C68-BF67-49A0-97A9-AB4B5B5D133E}.Release|x86.Build.0 = Release|Any CPU
		{088B42FF-1178-43F0-951D-BC846CF6AC3A}.Debug|Any CPU.ActiveCfg = Debug|Any CPU
		{088B42FF-1178-43F0-951D-BC846CF6AC3A}.Debug|Any CPU.Build.0 = Debug|Any CPU
		{088B42FF-1178-43F0-951D-BC846CF6AC3A}.Debug|x64.ActiveCfg = Debug|Any CPU
		{088B42FF-1178-43F0-951D-BC846CF6AC3A}.Debug|x64.Build.0 = Debug|Any CPU
		{088B42FF-1178-43F0-951D-BC846CF6AC3A}.Debug|x86.ActiveCfg = Debug|Any CPU
		{088B42FF-1178-43F0-951D-BC846CF6AC3A}.Debug|x86.Build.0 = Debug|Any CPU
		{088B42FF-1178-43F0-951D-BC846CF6AC3A}.Release|Any CPU.ActiveCfg = Release|Any CPU
		{088B42FF-1178-43F0-951D-BC846CF6AC3A}.Release|Any CPU.Build.0 = Release|Any CPU
		{088B42FF-1178-43F0-951D-BC846CF6AC3A}.Release|x64.ActiveCfg = Release|Any CPU
		{088B42FF-1178-43F0-951D-BC846CF6AC3A}.Release|x64.Build.0 = Release|Any CPU
		{088B42FF-1178-43F0-951D-BC846CF6AC3A}.Release|x86.ActiveCfg = Release|Any CPU
		{088B42FF-1178-43F0-951D-BC846CF6AC3A}.Release|x86.Build.0 = Release|Any CPU
		{467A8937-5A04-4FB8-BA6C-258AD498CF8E}.Debug|Any CPU.ActiveCfg = Debug|Any CPU
		{467A8937-5A04-4FB8-BA6C-258AD498CF8E}.Debug|Any CPU.Build.0 = Debug|Any CPU
		{467A8937-5A04-4FB8-BA6C-258AD498CF8E}.Debug|x64.ActiveCfg = Debug|Any CPU
		{467A8937-5A04-4FB8-BA6C-258AD498CF8E}.Debug|x64.Build.0 = Debug|Any CPU
		{467A8937-5A04-4FB8-BA6C-258AD498CF8E}.Debug|x86.ActiveCfg = Debug|Any CPU
		{467A8937-5A04-4FB8-BA6C-258AD498CF8E}.Debug|x86.Build.0 = Debug|Any CPU
		{467A8937-5A04-4FB8-BA6C-258AD498CF8E}.Release|Any CPU.ActiveCfg = Release|Any CPU
		{467A8937-5A04-4FB8-BA6C-258AD498CF8E}.Release|Any CPU.Build.0 = Release|Any CPU
		{467A8937-5A04-4FB8-BA6C-258AD498CF8E}.Release|x64.ActiveCfg = Release|Any CPU
		{467A8937-5A04-4FB8-BA6C-258AD498CF8E}.Release|x64.Build.0 = Release|Any CPU
		{467A8937-5A04-4FB8-BA6C-258AD498CF8E}.Release|x86.ActiveCfg = Release|Any CPU
		{467A8937-5A04-4FB8-BA6C-258AD498CF8E}.Release|x86.Build.0 = Release|Any CPU
		{08B15F3F-DD1C-4102-AFD0-13202027E980}.Debug|Any CPU.ActiveCfg = Debug|Any CPU
		{08B15F3F-DD1C-4102-AFD0-13202027E980}.Debug|Any CPU.Build.0 = Debug|Any CPU
		{08B15F3F-DD1C-4102-AFD0-13202027E980}.Debug|x64.ActiveCfg = Debug|Any CPU
		{08B15F3F-DD1C-4102-AFD0-13202027E980}.Debug|x64.Build.0 = Debug|Any CPU
		{08B15F3F-DD1C-4102-AFD0-13202027E980}.Debug|x86.ActiveCfg = Debug|Any CPU
		{08B15F3F-DD1C-4102-AFD0-13202027E980}.Debug|x86.Build.0 = Debug|Any CPU
		{08B15F3F-DD1C-4102-AFD0-13202027E980}.Release|Any CPU.ActiveCfg = Release|Any CPU
		{08B15F3F-DD1C-4102-AFD0-13202027E980}.Release|Any CPU.Build.0 = Release|Any CPU
		{08B15F3F-DD1C-4102-AFD0-13202027E980}.Release|x64.ActiveCfg = Release|Any CPU
		{08B15F3F-DD1C-4102-AFD0-13202027E980}.Release|x64.Build.0 = Release|Any CPU
		{08B15F3F-DD1C-4102-AFD0-13202027E980}.Release|x86.ActiveCfg = Release|Any CPU
		{08B15F3F-DD1C-4102-AFD0-13202027E980}.Release|x86.Build.0 = Release|Any CPU
		{FCB26CC6-ADE1-4C83-A662-1ACCE39813DC}.Debug|Any CPU.ActiveCfg = Debug|Any CPU
		{FCB26CC6-ADE1-4C83-A662-1ACCE39813DC}.Debug|Any CPU.Build.0 = Debug|Any CPU
		{FCB26CC6-ADE1-4C83-A662-1ACCE39813DC}.Debug|x64.ActiveCfg = Debug|Any CPU
		{FCB26CC6-ADE1-4C83-A662-1ACCE39813DC}.Debug|x64.Build.0 = Debug|Any CPU
		{FCB26CC6-ADE1-4C83-A662-1ACCE39813DC}.Debug|x86.ActiveCfg = Debug|Any CPU
		{FCB26CC6-ADE1-4C83-A662-1ACCE39813DC}.Debug|x86.Build.0 = Debug|Any CPU
		{FCB26CC6-ADE1-4C83-A662-1ACCE39813DC}.Release|Any CPU.ActiveCfg = Release|Any CPU
		{FCB26CC6-ADE1-4C83-A662-1ACCE39813DC}.Release|Any CPU.Build.0 = Release|Any CPU
		{FCB26CC6-ADE1-4C83-A662-1ACCE39813DC}.Release|x64.ActiveCfg = Release|Any CPU
		{FCB26CC6-ADE1-4C83-A662-1ACCE39813DC}.Release|x64.Build.0 = Release|Any CPU
		{FCB26CC6-ADE1-4C83-A662-1ACCE39813DC}.Release|x86.ActiveCfg = Release|Any CPU
		{FCB26CC6-ADE1-4C83-A662-1ACCE39813DC}.Release|x86.Build.0 = Release|Any CPU
		{7082C6E4-A644-4510-A9BC-E78E567FD752}.Debug|Any CPU.ActiveCfg = Debug|Win32
		{7082C6E4-A644-4510-A9BC-E78E567FD752}.Debug|x64.ActiveCfg = Debug|x64
		{7082C6E4-A644-4510-A9BC-E78E567FD752}.Debug|x64.Build.0 = Debug|x64
		{7082C6E4-A644-4510-A9BC-E78E567FD752}.Debug|x86.ActiveCfg = Debug|Win32
		{7082C6E4-A644-4510-A9BC-E78E567FD752}.Debug|x86.Build.0 = Debug|Win32
		{7082C6E4-A644-4510-A9BC-E78E567FD752}.Release|Any CPU.ActiveCfg = Release|Win32
		{7082C6E4-A644-4510-A9BC-E78E567FD752}.Release|x64.ActiveCfg = Release|x64
		{7082C6E4-A644-4510-A9BC-E78E567FD752}.Release|x64.Build.0 = Release|x64
		{7082C6E4-A644-4510-A9BC-E78E567FD752}.Release|x86.ActiveCfg = Release|Win32
		{7082C6E4-A644-4510-A9BC-E78E567FD752}.Release|x86.Build.0 = Release|Win32
		{8C5BC2E7-BA2F-4A68-A6BE-D67A5A6C6A97}.Debug|Any CPU.ActiveCfg = Debug|Win32
		{8C5BC2E7-BA2F-4A68-A6BE-D67A5A6C6A97}.Debug|x64.ActiveCfg = Debug|x64
		{8C5BC2E7-BA2F-4A68-A6BE-D67A5A6C6A97}.Debug|x64.Build.0 = Debug|x64
		{8C5BC2E7-BA2F-4A68-A6BE-D67A5A6C6A97}.Debug|x86.ActiveCfg = Debug|Win32
		{8C5BC2E7-BA2F-4A68-A6BE-D67A5A6C6A97}.Debug|x86.Build.0 = Debug|Win32
		{8C5BC2E7-BA2F-4A68-A6BE-D67A5A6C6A97}.Release|Any CPU.ActiveCfg = Release|Win32
		{8C5BC2E7-BA2F-4A68-A6BE-D67A5A6C6A97}.Release|x64.ActiveCfg = Release|x64
		{8C5BC2E7-BA2F-4A68-A6BE-D67A5A6C6A97}.Release|x64.Build.0 = Release|x64
		{8C5BC2E7-BA2F-4A68-A6BE-D67A5A6C6A97}.Release|x86.ActiveCfg = Release|Win32
		{8C5BC2E7-BA2F-4A68-A6BE-D67A5A6C6A97}.Release|x86.Build.0 = Release|Win32
		{392F8DAF-9EEA-468B-B8C8-5F6EAE84D72F}.Debug|Any CPU.ActiveCfg = Debug|Any CPU
		{392F8DAF-9EEA-468B-B8C8-5F6EAE84D72F}.Debug|Any CPU.Build.0 = Debug|Any CPU
		{392F8DAF-9EEA-468B-B8C8-5F6EAE84D72F}.Debug|x64.ActiveCfg = Debug|Any CPU
		{392F8DAF-9EEA-468B-B8C8-5F6EAE84D72F}.Debug|x64.Build.0 = Debug|Any CPU
		{392F8DAF-9EEA-468B-B8C8-5F6EAE84D72F}.Debug|x86.ActiveCfg = Debug|Any CPU
		{392F8DAF-9EEA-468B-B8C8-5F6EAE84D72F}.Debug|x86.Build.0 = Debug|Any CPU
		{392F8DAF-9EEA-468B-B8C8-5F6EAE84D72F}.Release|Any CPU.ActiveCfg = Release|Any CPU
		{392F8DAF-9EEA-468B-B8C8-5F6EAE84D72F}.Release|Any CPU.Build.0 = Release|Any CPU
		{392F8DAF-9EEA-468B-B8C8-5F6EAE84D72F}.Release|x64.ActiveCfg = Release|Any CPU
		{392F8DAF-9EEA-468B-B8C8-5F6EAE84D72F}.Release|x64.Build.0 = Release|Any CPU
		{392F8DAF-9EEA-468B-B8C8-5F6EAE84D72F}.Release|x86.ActiveCfg = Release|Any CPU
		{392F8DAF-9EEA-468B-B8C8-5F6EAE84D72F}.Release|x86.Build.0 = Release|Any CPU
		{CE136AA1-0C7A-4278-98DD-D733A1648F0F}.Debug|Any CPU.ActiveCfg = Debug|Any CPU
		{CE136AA1-0C7A-4278-98DD-D733A1648F0F}.Debug|Any CPU.Build.0 = Debug|Any CPU
		{CE136AA1-0C7A-4278-98DD-D733A1648F0F}.Debug|x64.ActiveCfg = Debug|Any CPU
		{CE136AA1-0C7A-4278-98DD-D733A1648F0F}.Debug|x64.Build.0 = Debug|Any CPU
		{CE136AA1-0C7A-4278-98DD-D733A1648F0F}.Debug|x86.ActiveCfg = Debug|Any CPU
		{CE136AA1-0C7A-4278-98DD-D733A1648F0F}.Debug|x86.Build.0 = Debug|Any CPU
		{CE136AA1-0C7A-4278-98DD-D733A1648F0F}.Release|Any CPU.ActiveCfg = Release|Any CPU
		{CE136AA1-0C7A-4278-98DD-D733A1648F0F}.Release|Any CPU.Build.0 = Release|Any CPU
		{CE136AA1-0C7A-4278-98DD-D733A1648F0F}.Release|x64.ActiveCfg = Release|Any CPU
		{CE136AA1-0C7A-4278-98DD-D733A1648F0F}.Release|x64.Build.0 = Release|Any CPU
		{CE136AA1-0C7A-4278-98DD-D733A1648F0F}.Release|x86.ActiveCfg = Release|Any CPU
		{CE136AA1-0C7A-4278-98DD-D733A1648F0F}.Release|x86.Build.0 = Release|Any CPU
		{F401BB10-B6FD-4DD8-A46D-83A4D64C2EC9}.Debug|Any CPU.ActiveCfg = Debug|Any CPU
		{F401BB10-B6FD-4DD8-A46D-83A4D64C2EC9}.Debug|Any CPU.Build.0 = Debug|Any CPU
		{F401BB10-B6FD-4DD8-A46D-83A4D64C2EC9}.Debug|x64.ActiveCfg = Debug|Any CPU
		{F401BB10-B6FD-4DD8-A46D-83A4D64C2EC9}.Debug|x64.Build.0 = Debug|Any CPU
		{F401BB10-B6FD-4DD8-A46D-83A4D64C2EC9}.Debug|x86.ActiveCfg = Debug|Any CPU
		{F401BB10-B6FD-4DD8-A46D-83A4D64C2EC9}.Debug|x86.Build.0 = Debug|Any CPU
		{F401BB10-B6FD-4DD8-A46D-83A4D64C2EC9}.Release|Any CPU.ActiveCfg = Release|Any CPU
		{F401BB10-B6FD-4DD8-A46D-83A4D64C2EC9}.Release|Any CPU.Build.0 = Release|Any CPU
		{F401BB10-B6FD-4DD8-A46D-83A4D64C2EC9}.Release|x64.ActiveCfg = Release|Any CPU
		{F401BB10-B6FD-4DD8-A46D-83A4D64C2EC9}.Release|x64.Build.0 = Release|Any CPU
		{F401BB10-B6FD-4DD8-A46D-83A4D64C2EC9}.Release|x86.ActiveCfg = Release|Any CPU
		{F401BB10-B6FD-4DD8-A46D-83A4D64C2EC9}.Release|x86.Build.0 = Release|Any CPU
		{CE49E35B-9EC3-4D44-BCF7-18D8FCF97536}.Debug|Any CPU.ActiveCfg = Debug|Any CPU
		{CE49E35B-9EC3-4D44-BCF7-18D8FCF97536}.Debug|Any CPU.Build.0 = Debug|Any CPU
		{CE49E35B-9EC3-4D44-BCF7-18D8FCF97536}.Debug|x64.ActiveCfg = Debug|Any CPU
		{CE49E35B-9EC3-4D44-BCF7-18D8FCF97536}.Debug|x64.Build.0 = Debug|Any CPU
		{CE49E35B-9EC3-4D44-BCF7-18D8FCF97536}.Debug|x86.ActiveCfg = Debug|Any CPU
		{CE49E35B-9EC3-4D44-BCF7-18D8FCF97536}.Debug|x86.Build.0 = Debug|Any CPU
		{CE49E35B-9EC3-4D44-BCF7-18D8FCF97536}.Release|Any CPU.ActiveCfg = Release|Any CPU
		{CE49E35B-9EC3-4D44-BCF7-18D8FCF97536}.Release|Any CPU.Build.0 = Release|Any CPU
		{CE49E35B-9EC3-4D44-BCF7-18D8FCF97536}.Release|x64.ActiveCfg = Release|Any CPU
		{CE49E35B-9EC3-4D44-BCF7-18D8FCF97536}.Release|x64.Build.0 = Release|Any CPU
		{CE49E35B-9EC3-4D44-BCF7-18D8FCF97536}.Release|x86.ActiveCfg = Release|Any CPU
		{CE49E35B-9EC3-4D44-BCF7-18D8FCF97536}.Release|x86.Build.0 = Release|Any CPU
		{7E5596ED-5C58-46FF-ADD9-A5EBED45203D}.Debug|Any CPU.ActiveCfg = Debug|Any CPU
		{7E5596ED-5C58-46FF-ADD9-A5EBED45203D}.Debug|Any CPU.Build.0 = Debug|Any CPU
		{7E5596ED-5C58-46FF-ADD9-A5EBED45203D}.Debug|x64.ActiveCfg = Debug|Any CPU
		{7E5596ED-5C58-46FF-ADD9-A5EBED45203D}.Debug|x64.Build.0 = Debug|Any CPU
		{7E5596ED-5C58-46FF-ADD9-A5EBED45203D}.Debug|x86.ActiveCfg = Debug|Any CPU
		{7E5596ED-5C58-46FF-ADD9-A5EBED45203D}.Debug|x86.Build.0 = Debug|Any CPU
		{7E5596ED-5C58-46FF-ADD9-A5EBED45203D}.Release|Any CPU.ActiveCfg = Release|Any CPU
		{7E5596ED-5C58-46FF-ADD9-A5EBED45203D}.Release|Any CPU.Build.0 = Release|Any CPU
		{7E5596ED-5C58-46FF-ADD9-A5EBED45203D}.Release|x64.ActiveCfg = Release|Any CPU
		{7E5596ED-5C58-46FF-ADD9-A5EBED45203D}.Release|x64.Build.0 = Release|Any CPU
		{7E5596ED-5C58-46FF-ADD9-A5EBED45203D}.Release|x86.ActiveCfg = Release|Any CPU
		{7E5596ED-5C58-46FF-ADD9-A5EBED45203D}.Release|x86.Build.0 = Release|Any CPU
		{00AABD4C-DB6F-4EAF-A9EA-B7608EAB1BF5}.Debug|Any CPU.ActiveCfg = Debug|Any CPU
		{00AABD4C-DB6F-4EAF-A9EA-B7608EAB1BF5}.Debug|Any CPU.Build.0 = Debug|Any CPU
		{00AABD4C-DB6F-4EAF-A9EA-B7608EAB1BF5}.Debug|x64.ActiveCfg = Debug|Any CPU
		{00AABD4C-DB6F-4EAF-A9EA-B7608EAB1BF5}.Debug|x64.Build.0 = Debug|Any CPU
		{00AABD4C-DB6F-4EAF-A9EA-B7608EAB1BF5}.Debug|x86.ActiveCfg = Debug|Any CPU
		{00AABD4C-DB6F-4EAF-A9EA-B7608EAB1BF5}.Debug|x86.Build.0 = Debug|Any CPU
		{00AABD4C-DB6F-4EAF-A9EA-B7608EAB1BF5}.Release|Any CPU.ActiveCfg = Release|Any CPU
		{00AABD4C-DB6F-4EAF-A9EA-B7608EAB1BF5}.Release|Any CPU.Build.0 = Release|Any CPU
		{00AABD4C-DB6F-4EAF-A9EA-B7608EAB1BF5}.Release|x64.ActiveCfg = Release|Any CPU
		{00AABD4C-DB6F-4EAF-A9EA-B7608EAB1BF5}.Release|x64.Build.0 = Release|Any CPU
		{00AABD4C-DB6F-4EAF-A9EA-B7608EAB1BF5}.Release|x86.ActiveCfg = Release|Any CPU
		{00AABD4C-DB6F-4EAF-A9EA-B7608EAB1BF5}.Release|x86.Build.0 = Release|Any CPU
		{71D46429-0556-460B-A317-A83EED68DCE2}.Debug|Any CPU.ActiveCfg = Debug|Any CPU
		{71D46429-0556-460B-A317-A83EED68DCE2}.Debug|Any CPU.Build.0 = Debug|Any CPU
		{71D46429-0556-460B-A317-A83EED68DCE2}.Debug|x64.ActiveCfg = Debug|Any CPU
		{71D46429-0556-460B-A317-A83EED68DCE2}.Debug|x64.Build.0 = Debug|Any CPU
		{71D46429-0556-460B-A317-A83EED68DCE2}.Debug|x86.ActiveCfg = Debug|Any CPU
		{71D46429-0556-460B-A317-A83EED68DCE2}.Debug|x86.Build.0 = Debug|Any CPU
		{71D46429-0556-460B-A317-A83EED68DCE2}.Release|Any CPU.ActiveCfg = Release|Any CPU
		{71D46429-0556-460B-A317-A83EED68DCE2}.Release|Any CPU.Build.0 = Release|Any CPU
		{71D46429-0556-460B-A317-A83EED68DCE2}.Release|x64.ActiveCfg = Release|Any CPU
		{71D46429-0556-460B-A317-A83EED68DCE2}.Release|x64.Build.0 = Release|Any CPU
		{71D46429-0556-460B-A317-A83EED68DCE2}.Release|x86.ActiveCfg = Release|Any CPU
		{71D46429-0556-460B-A317-A83EED68DCE2}.Release|x86.Build.0 = Release|Any CPU
		{14B0F819-1744-43FA-BBA8-16FAA0E1E280}.Debug|Any CPU.ActiveCfg = Debug|Any CPU
		{14B0F819-1744-43FA-BBA8-16FAA0E1E280}.Debug|Any CPU.Build.0 = Debug|Any CPU
		{14B0F819-1744-43FA-BBA8-16FAA0E1E280}.Debug|x64.ActiveCfg = Debug|Any CPU
		{14B0F819-1744-43FA-BBA8-16FAA0E1E280}.Debug|x64.Build.0 = Debug|Any CPU
		{14B0F819-1744-43FA-BBA8-16FAA0E1E280}.Debug|x86.ActiveCfg = Debug|Any CPU
		{14B0F819-1744-43FA-BBA8-16FAA0E1E280}.Debug|x86.Build.0 = Debug|Any CPU
		{14B0F819-1744-43FA-BBA8-16FAA0E1E280}.Release|Any CPU.ActiveCfg = Release|Any CPU
		{14B0F819-1744-43FA-BBA8-16FAA0E1E280}.Release|Any CPU.Build.0 = Release|Any CPU
		{14B0F819-1744-43FA-BBA8-16FAA0E1E280}.Release|x64.ActiveCfg = Release|Any CPU
		{14B0F819-1744-43FA-BBA8-16FAA0E1E280}.Release|x64.Build.0 = Release|Any CPU
		{14B0F819-1744-43FA-BBA8-16FAA0E1E280}.Release|x86.ActiveCfg = Release|Any CPU
		{14B0F819-1744-43FA-BBA8-16FAA0E1E280}.Release|x86.Build.0 = Release|Any CPU
		{90B348EA-B897-455A-95A4-BA6320FFACE8}.Debug|Any CPU.ActiveCfg = Debug|Any CPU
		{90B348EA-B897-455A-95A4-BA6320FFACE8}.Debug|Any CPU.Build.0 = Debug|Any CPU
		{90B348EA-B897-455A-95A4-BA6320FFACE8}.Debug|x64.ActiveCfg = Debug|Any CPU
		{90B348EA-B897-455A-95A4-BA6320FFACE8}.Debug|x64.Build.0 = Debug|Any CPU
		{90B348EA-B897-455A-95A4-BA6320FFACE8}.Debug|x86.ActiveCfg = Debug|Any CPU
		{90B348EA-B897-455A-95A4-BA6320FFACE8}.Debug|x86.Build.0 = Debug|Any CPU
		{90B348EA-B897-455A-95A4-BA6320FFACE8}.Release|Any CPU.ActiveCfg = Release|Any CPU
		{90B348EA-B897-455A-95A4-BA6320FFACE8}.Release|Any CPU.Build.0 = Release|Any CPU
		{90B348EA-B897-455A-95A4-BA6320FFACE8}.Release|x64.ActiveCfg = Release|Any CPU
		{90B348EA-B897-455A-95A4-BA6320FFACE8}.Release|x64.Build.0 = Release|Any CPU
		{90B348EA-B897-455A-95A4-BA6320FFACE8}.Release|x86.ActiveCfg = Release|Any CPU
		{90B348EA-B897-455A-95A4-BA6320FFACE8}.Release|x86.Build.0 = Release|Any CPU
		{CAB67FE5-11C3-49D0-BCE2-A85857028284}.Debug|Any CPU.ActiveCfg = Debug|Any CPU
		{CAB67FE5-11C3-49D0-BCE2-A85857028284}.Debug|x64.ActiveCfg = Debug|Any CPU
		{CAB67FE5-11C3-49D0-BCE2-A85857028284}.Debug|x86.ActiveCfg = Debug|Any CPU
		{CAB67FE5-11C3-49D0-BCE2-A85857028284}.Release|Any CPU.ActiveCfg = Release|Any CPU
		{CAB67FE5-11C3-49D0-BCE2-A85857028284}.Release|x64.ActiveCfg = Release|Any CPU
		{CAB67FE5-11C3-49D0-BCE2-A85857028284}.Release|x86.ActiveCfg = Release|Any CPU
	EndGlobalSection
	GlobalSection(SolutionProperties) = preSolution
		HideSolutionNode = FALSE
	EndGlobalSection
	GlobalSection(ExtensibilityGlobals) = postSolution
		SolutionGuid = {89A2BAC4-0D8F-4FD0-97C4-A54FF99AE4A8}
	EndGlobalSection
EndGlobal
